
Microsoft Visual Studio Solution File, Format Version 12.00
# Visual Studio 15
VisualStudioVersion = 15.0.27428.2037
MinimumVisualStudioVersion = 10.0.40219.1
Project("{FAE04EC0-301F-11D3-BF4B-00C04F79EFBC}") = "command-proxy", "command-proxy\command-proxy.csproj", "{A62AA6D7-131C-4934-88B8-4F9E7F6A6367}"
EndProject
Global
	GlobalSection(SolutionConfigurationPlatforms) = preSolution
		Debug|Any CPU = Debug|Any CPU
		Release|Any CPU = Release|Any CPU
	EndGlobalSection
	GlobalSection(ProjectConfigurationPlatforms) = postSolution
		{A62AA6D7-131C-4934-88B8-4F9E7F6A6367}.Debug|Any CPU.ActiveCfg = Debug|Any CPU
		{A62AA6D7-131C-4934-88B8-4F9E7F6A6367}.Debug|Any CPU.Build.0 = Debug|Any CPU
		{A62AA6D7-131C-4934-88B8-4F9E7F6A6367}.Release|Any CPU.ActiveCfg = Release|Any CPU
		{A62AA6D7-131C-4934-88B8-4F9E7F6A6367}.Release|Any CPU.Build.0 = Release|Any CPU
	EndGlobalSection
	GlobalSection(SolutionProperties) = preSolution
		HideSolutionNode = FALSE
	EndGlobalSection
	GlobalSection(ExtensibilityGlobals) = postSolution
		SolutionGuid = {41C55ACD-343F-4167-A998-46B989BE9C0C}
	EndGlobalSection
EndGlobal
